{
  "name": "@floco/simple-workspace",
  "version": "0.0.1",
  "lockfileVersion": 3,
  "requires": true,
  "packages": {
    "": {
      "name": "@floco/simple-workspace",
      "version": "0.0.1",
      "workspaces": [
        "foo",
        "bar",
        "baz"
      ]
    },
    "bar": {
      "name": "@floco/bar",
      "version": "0.0.1",
      "dependencies": {
        "lodash": "^3.10.1"
      }
    },
    "baz": {
      "name": "@floco/baz",
      "version": "0.0.1",
      "dependencies": {
        "@floco/bar": "file:../bar",
        "@floco/foo": "file:../foo"
      }
    },
    "foo": {
      "name": "@floco/foo",
      "version": "0.0.1",
      "dependencies": {
        "lodash": "^4.17.21"
      }
    },
    "foo/node_modules/lodash": {
      "version": "4.17.21",
      "resolved": "https://registry.npmjs.org/lodash/-/lodash-4.17.21.tgz",
      "integrity": "sha512-v2kDEe57lecTulaDIuNTPy3Ry4gLGJ6Z1O3vE1krgXZNrsQ+LFTGHVxVjcXPs17LhbZVGedAJv8XZ1tvj5FvSg=="
    },
    "node_modules/@floco/bar": {
      "resolved": "bar",
      "link": true
    },
    "node_modules/@floco/baz": {
      "resolved": "baz",
      "link": true
    },
    "node_modules/@floco/foo": {
      "resolved": "foo",
      "link": true
    },
    "node_modules/lodash": {
      "version": "3.10.1",
      "resolved": "https://registry.npmjs.org/lodash/-/lodash-3.10.1.tgz",
      "integrity": "sha512-9mDDwqVIma6OZX79ZlDACZl8sBm0TEnkf99zV3iMA4GzkIT/9hiqP5mY0HoT1iNLCrKc/R1HByV+yJfRWVJryQ=="
    }
  }
}
