{
  "nodes": {
    "nixpkgs": {
      "locked": {
        "lastModified": 1655390681,
        "narHash": "sha256-SXGZ7jJWsySMlNEpbxi8nq3QYDbtcAl+QHwsXlWq2g0=",
        "owner": "NixOS",
        "repo": "nixpkgs",
        "rev": "29769d2a1390d294469bcc6518f17931953545e1",
        "type": "github"
      },
      "original": {
        "id": "nixpkgs",
        "type": "indirect"
      }
    },
    "pacote-src": {
      "flake": false,
      "locked": {
        "lastModified": 1651673723,
        "narHash": "sha256-97nFOX7qGmxtbvht+yrq6K7qcL7ooLLGF5ga5zJAwpw=",
        "owner": "npm",
        "repo": "pacote",
        "rev": "8f94b28f3c21bc6a59c4537a4ee9fdb93385dc78",
        "type": "github"
      },
      "original": {
        "owner": "npm",
        "ref": "v13.3.0",
        "repo": "pacote",
        "type": "github"
      }
    },
    "root": {
      "inputs": {
        "nixpkgs": "nixpkgs",
        "pacote-src": "pacote-src",
        "utils": "utils"
      }
    },
    "utils": {
      "locked": {
        "lastModified": 1656065134,
        "narHash": "sha256-oc6E6ByIw3oJaIyc67maaFcnjYOz1mMcOtHxbEf9NwQ=",
        "owner": "numtide",
        "repo": "flake-utils",
        "rev": "bee6a7250dd1b01844a2de7e02e4df7d8a0a206c",
        "type": "github"
      },
      "original": {
        "owner": "numtide",
        "repo": "flake-utils",
        "type": "github"
      }
    }
  },
  "root": "root",
  "version": 7
}
