{
  "nodes": {
    "ak-nix": {
      "inputs": {
        "nixpkgs": [
          "nixpkgs"
        ]
      },
      "locked": {
        "lastModified": 1668980701,
        "narHash": "sha256-5CnK48R5oRgFmC25XFsF+ibx8Qhf1BfJBXsX6ahLWck=",
        "owner": "aakropotkin",
        "repo": "ak-nix",
        "rev": "8b018260c87f6cbaca90259c0d0464457eeca440",
        "type": "github"
      },
      "original": {
        "owner": "aakropotkin",
        "ref": "main",
        "repo": "ak-nix",
        "type": "github"
      }
    },
    "laika": {
      "inputs": {
        "nixpkgs": [
          "nixpkgs"
        ],
        "rime": [
          "rime"
        ]
      },
      "locked": {
        "lastModified": 1668980799,
        "narHash": "sha256-6XXzGfsZdC2I2HwhTYI//bKMsNHQCkKfrPAqLB6B7Iw=",
        "owner": "aakropotkin",
        "repo": "laika",
        "rev": "c2771c0024bdca5614148112f891124aaa277669",
        "type": "github"
      },
      "original": {
        "owner": "aakropotkin",
        "ref": "main",
        "repo": "laika",
        "type": "github"
      }
    },
    "nixpkgs": {
      "locked": {
        "lastModified": 1666447894,
        "narHash": "sha256-i9WHX4w/et4qPMzEXd9POmnO0/bthjr7R4cblKNHGms=",
        "owner": "NixOS",
        "repo": "nixpkgs",
        "rev": "95aeaf83c247b8f5aa561684317ecd860476fcd6",
        "type": "github"
      },
      "original": {
        "id": "nixpkgs",
        "type": "indirect"
      }
    },
    "rime": {
      "inputs": {
        "ak-nix": [
          "ak-nix"
        ],
        "nixpkgs": [
          "nixpkgs"
        ]
      },
      "locked": {
        "lastModified": 1669006191,
        "narHash": "sha256-XyJpfYfOvcOopOcCSwJZKvjRyeh9UPFxcIDjtEvFuQA=",
        "owner": "aakropotkin",
        "repo": "rime",
        "rev": "81eb1f21d8364115ce432b6e9acb725dfb3f45ca",
        "type": "github"
      },
      "original": {
        "owner": "aakropotkin",
        "repo": "rime",
        "type": "github"
      }
    },
    "root": {
      "inputs": {
        "ak-nix": "ak-nix",
        "laika": "laika",
        "nixpkgs": "nixpkgs",
        "rime": "rime"
      }
    }
  },
  "root": "root",
  "version": 7
}
