{
  "nodes": {
    "ak-nix": {
      "inputs": {
        "nixpkgs": [
          "nixpkgs"
        ]
      },
      "locked": {
        "lastModified": 1669101150,
        "narHash": "sha256-sl/+4gqq66IZlMVZ5cyOcTHgajwTL2ln/s4K0LuyTDM=",
        "owner": "aakropotkin",
        "repo": "ak-nix",
        "rev": "4f97937a207e68d489c8fa875b8b8dcfdf5570ea",
        "type": "github"
      },
      "original": {
        "owner": "aakropotkin",
        "ref": "main",
        "repo": "ak-nix",
        "type": "github"
      }
    },
    "laika": {
      "inputs": {
        "nixpkgs": [
          "nixpkgs"
        ],
        "rime": [
          "rime"
        ]
      },
      "locked": {
        "lastModified": 1669138476,
        "narHash": "sha256-RGXLhPSZ7paQpUJT9WUt8ARS4QF+P/5d483+P0FkZSw=",
        "owner": "aakropotkin",
        "repo": "laika",
        "rev": "7220edeac4c18c8f75e8f6027559fa1c5ca6a32d",
        "type": "github"
      },
      "original": {
        "owner": "aakropotkin",
        "ref": "main",
        "repo": "laika",
        "type": "github"
      }
    },
    "nixpkgs": {
      "locked": {
        "lastModified": 1666447894,
        "narHash": "sha256-i9WHX4w/et4qPMzEXd9POmnO0/bthjr7R4cblKNHGms=",
        "owner": "NixOS",
        "repo": "nixpkgs",
        "rev": "95aeaf83c247b8f5aa561684317ecd860476fcd6",
        "type": "github"
      },
      "original": {
        "id": "nixpkgs",
        "type": "indirect"
      }
    },
    "rime": {
      "inputs": {
        "ak-nix": [
          "ak-nix"
        ],
        "nixpkgs": [
          "nixpkgs"
        ]
      },
      "locked": {
        "lastModified": 1669138449,
        "narHash": "sha256-rIZI0Be4Z02A8jwmsmk/Xou66Dzj87ZvEg/BZONyB9Y=",
        "owner": "aakropotkin",
        "repo": "rime",
        "rev": "32fa50bae356326f9572beb3caf31dcded3c71df",
        "type": "github"
      },
      "original": {
        "owner": "aakropotkin",
        "repo": "rime",
        "type": "github"
      }
    },
    "root": {
      "inputs": {
        "ak-nix": "ak-nix",
        "laika": "laika",
        "nixpkgs": "nixpkgs",
        "rime": "rime"
      }
    }
  },
  "root": "root",
  "version": 7
}
