{
  "nodes": {
    "ak-nix": {
      "inputs": {
        "nixpkgs": [
          "nixpkgs"
        ]
      },
      "locked": {
        "lastModified": 1669443521,
        "narHash": "sha256-rw7PzPtwNFQVR0nBaevYDdqEbUxAh6vgMmOJ1Pw4XAs=",
        "owner": "aakropotkin",
        "repo": "ak-nix",
        "rev": "e51efe5ea67f151228c49cc2a3dde8ddb636b13b",
        "type": "github"
      },
      "original": {
        "owner": "aakropotkin",
        "ref": "main",
        "repo": "ak-nix",
        "type": "github"
      }
    },
    "laika": {
      "inputs": {
        "nixpkgs": [
          "nixpkgs"
        ],
        "rime": [
          "rime"
        ]
      },
      "locked": {
        "lastModified": 1669481361,
        "narHash": "sha256-gncdnLaZZ079VwtFVQIZg19rtFktGZE/PU+/ysrQaJU=",
        "owner": "aakropotkin",
        "repo": "laika",
        "rev": "9c8ff19f9b5beb1d44a28f7daf7511cb00a9599b",
        "type": "github"
      },
      "original": {
        "owner": "aakropotkin",
        "ref": "main",
        "repo": "laika",
        "type": "github"
      }
    },
    "nixpkgs": {
      "locked": {
        "lastModified": 1666447894,
        "narHash": "sha256-i9WHX4w/et4qPMzEXd9POmnO0/bthjr7R4cblKNHGms=",
        "owner": "NixOS",
        "repo": "nixpkgs",
        "rev": "95aeaf83c247b8f5aa561684317ecd860476fcd6",
        "type": "github"
      },
      "original": {
        "id": "nixpkgs",
        "type": "indirect"
      }
    },
    "rime": {
      "inputs": {
        "ak-nix": [
          "ak-nix"
        ],
        "nixpkgs": [
          "nixpkgs"
        ]
      },
      "locked": {
        "lastModified": 1669443593,
        "narHash": "sha256-is9znmMkM7mJcvU0urLL57OZX4YkBrfkz+qwJsGqFXY=",
        "owner": "aakropotkin",
        "repo": "rime",
        "rev": "6b930c1d8a84d06b2d7f7a026a7df13857f53df1",
        "type": "github"
      },
      "original": {
        "owner": "aakropotkin",
        "repo": "rime",
        "type": "github"
      }
    },
    "root": {
      "inputs": {
        "ak-nix": "ak-nix",
        "laika": "laika",
        "nixpkgs": "nixpkgs",
        "rime": "rime"
      }
    }
  },
  "root": "root",
  "version": 7
}
