# This file is generated by running "yarn install" inside your project.
# Manual changes might be lost - proceed with caution!

__metadata:
  version: 4
  cacheKey: 7

"7zip-bin@npm:~5.0.3":
  version: 5.0.3
  resolution: "7zip-bin@npm:5.0.3"
  checksum: d78384cae472fdd5c2b490d320697196ae385b55b341006258e30e056e94b3de7ca5105fd04561c92baac61a5de225c1176c11347e50fadce116272661483977
  languageName: node
  linkType: hard

"@tulip/print-report@^1.0.0, @tulip/print-report@workspace:common/npm/print-report":
  version: 0.0.0-use.local
  resolution: "@tulip/print-report@workspace:common/npm/print-report"
  dependencies:
    "@tulip/i18n": ^1.0.0
  peerDependencies:
    react: ^16.13.1
    react-dom: ^16.13.1
  languageName: unknown
  linkType: soft
