{
  "nodes": {
    "ak-nix": {
      "inputs": {
        "nixpkgs": [
          "nixpkgs"
        ],
        "utils": [
          "utils"
        ]
      },
      "locked": {
        "lastModified": 1656053178,
        "narHash": "sha256-uuaIYNWooeQpZvOohXMJIFHr2bBB0lgqmYYRX+qf9wA=",
        "owner": "aakropotkin",
        "repo": "ak-nix",
        "rev": "929fa33100b1a23a76c0e917d0ee83cfeb8b81b2",
        "type": "github"
      },
      "original": {
        "owner": "aakropotkin",
        "ref": "main",
        "repo": "ak-nix",
        "type": "github"
      }
    },
    "nixpkgs": {
      "locked": {
        "lastModified": 1655390681,
        "narHash": "sha256-SXGZ7jJWsySMlNEpbxi8nq3QYDbtcAl+QHwsXlWq2g0=",
        "owner": "NixOS",
        "repo": "nixpkgs",
        "rev": "29769d2a1390d294469bcc6518f17931953545e1",
        "type": "github"
      },
      "original": {
        "id": "nixpkgs",
        "type": "indirect"
      }
    },
    "root": {
      "inputs": {
        "ak-nix": "ak-nix",
        "nixpkgs": "nixpkgs",
        "utils": "utils"
      }
    },
    "utils": {
      "locked": {
        "lastModified": 1656065134,
        "narHash": "sha256-oc6E6ByIw3oJaIyc67maaFcnjYOz1mMcOtHxbEf9NwQ=",
        "owner": "numtide",
        "repo": "flake-utils",
        "rev": "bee6a7250dd1b01844a2de7e02e4df7d8a0a206c",
        "type": "github"
      },
      "original": {
        "owner": "numtide",
        "ref": "master",
        "repo": "flake-utils",
        "type": "github"
      }
    }
  },
  "root": "root",
  "version": 7
}
