{
  "nodes": {
    "ak-nix": {
      "inputs": {
        "nixpkgs": [
          "at-node-nix",
          "nixpkgs"
        ]
      },
      "locked": {
        "lastModified": 1666243146,
        "narHash": "sha256-X1YVpNA+2pEe3jbPv1/fwbQNHURz4+5eyLc9Xb9xZZk=",
        "owner": "aakropotkin",
        "repo": "ak-nix",
        "rev": "3ac2a43faee292f326224403a0bf518b7784907b",
        "type": "github"
      },
      "original": {
        "owner": "aakropotkin",
        "ref": "main",
        "repo": "ak-nix",
        "type": "github"
      }
    },
    "at-node-nix": {
      "inputs": {
        "ak-nix": "ak-nix",
        "nixpkgs": "nixpkgs",
        "pacote-src": "pacote-src",
        "rime": "rime"
      },
      "locked": {
        "lastModified": 1666381054,
        "narHash": "sha256-uuwwx4HNfDWnzbKdmVXqs4lzGZJrb9iVABBUPJjh8qU=",
        "owner": "aameen-tulip",
        "repo": "at-node-nix",
        "rev": "b249c03378e0effd7aa7d4f0deddc191421ff14c",
        "type": "github"
      },
      "original": {
        "owner": "aameen-tulip",
        "repo": "at-node-nix",
        "type": "github"
      }
    },
    "nixpkgs": {
      "locked": {
        "lastModified": 1661353537,
        "narHash": "sha256-1E2IGPajOsrkR49mM5h55OtYnU0dGyre6gl60NXKITE=",
        "owner": "NixOS",
        "repo": "nixpkgs",
        "rev": "0e304ff0d9db453a4b230e9386418fd974d5804a",
        "type": "github"
      },
      "original": {
        "id": "nixpkgs",
        "type": "indirect"
      }
    },
    "pacote-src": {
      "flake": false,
      "locked": {
        "lastModified": 1651673723,
        "narHash": "sha256-97nFOX7qGmxtbvht+yrq6K7qcL7ooLLGF5ga5zJAwpw=",
        "owner": "npm",
        "repo": "pacote",
        "rev": "8f94b28f3c21bc6a59c4537a4ee9fdb93385dc78",
        "type": "github"
      },
      "original": {
        "owner": "npm",
        "ref": "v13.3.0",
        "repo": "pacote",
        "type": "github"
      }
    },
    "rime": {
      "inputs": {
        "ak-nix": [
          "at-node-nix",
          "ak-nix"
        ],
        "nixpkgs": [
          "at-node-nix",
          "nixpkgs"
        ]
      },
      "locked": {
        "lastModified": 1666243290,
        "narHash": "sha256-I9LJ3R620LFUPI/Sp++Bzes3EM8TXAm+/45wsMPeNKA=",
        "owner": "aakropotkin",
        "repo": "rime",
        "rev": "502a2ebda42c1dbdafd1d7a5dea863d0ea1ed946",
        "type": "github"
      },
      "original": {
        "owner": "aakropotkin",
        "ref": "main",
        "repo": "rime",
        "type": "github"
      }
    },
    "root": {
      "inputs": {
        "at-node-nix": "at-node-nix",
        "nixpkgs": [
          "at-node-nix",
          "nixpkgs"
        ]
      }
    }
  },
  "root": "root",
  "version": 7
}
