{
  "nodes": {
    "ak-nix": {
      "inputs": {
        "nixpkgs": [
          "at-node-nix",
          "nixpkgs"
        ]
      },
      "locked": {
        "lastModified": 1670349497,
        "narHash": "sha256-NCperK491dNdzmnVQpQ72jQF8DCd6/lWwkcH2+Tn3+g=",
        "owner": "aakropotkin",
        "repo": "ak-nix",
        "rev": "c894d0fc13ef1ac8f576034d5019415ff65953d1",
        "type": "github"
      },
      "original": {
        "owner": "aakropotkin",
        "ref": "main",
        "repo": "ak-nix",
        "type": "github"
      }
    },
    "at-node-nix": {
      "inputs": {
        "ak-nix": "ak-nix",
        "laika": "laika",
        "nixpkgs": "nixpkgs",
        "rime": "rime"
      },
      "locked": {
        "lastModified": 1670370779,
        "narHash": "sha256-RmeCk/uV+drZJvo+TkvZDweLdRgVLaRKSLZvlAsnQfE=",
        "owner": "aameen-tulip",
        "repo": "at-node-nix",
        "rev": "64edf441dcb01b9c7662d2a42e517465b3668f6d",
        "type": "github"
      },
      "original": {
        "owner": "aameen-tulip",
        "repo": "at-node-nix",
        "type": "github"
      }
    },
    "flocoPackages": {
      "inputs": {
        "at-node-nix": [
          "at-node-nix"
        ],
        "nixpkgs": [
          "nixpkgs"
        ]
      },
      "locked": {
        "lastModified": 1670355111,
        "narHash": "sha256-UBN5PQGdE5FH1jnjIezSEZEUH6rfCPBWuHJ4ctADI48=",
        "owner": "aakropotkin",
        "repo": "flocoPackages",
        "rev": "8f3a351f10c1cec0ba71912601c14fe93f37e51a",
        "type": "github"
      },
      "original": {
        "owner": "aakropotkin",
        "repo": "flocoPackages",
        "type": "github"
      }
    },
    "laika": {
      "inputs": {
        "nixpkgs": [
          "at-node-nix",
          "nixpkgs"
        ],
        "rime": [
          "at-node-nix",
          "rime"
        ]
      },
      "locked": {
        "lastModified": 1670349555,
        "narHash": "sha256-zhaqEOKEo37260jEkXyhNFzHrZi0URxRxPsWmfky6gI=",
        "owner": "aakropotkin",
        "repo": "laika",
        "rev": "12fb635ad3bb5c8d5199b086e62154443ad9d380",
        "type": "github"
      },
      "original": {
        "owner": "aakropotkin",
        "ref": "main",
        "repo": "laika",
        "type": "github"
      }
    },
    "nixpkgs": {
      "locked": {
        "lastModified": 1666447894,
        "narHash": "sha256-i9WHX4w/et4qPMzEXd9POmnO0/bthjr7R4cblKNHGms=",
        "owner": "NixOS",
        "repo": "nixpkgs",
        "rev": "95aeaf83c247b8f5aa561684317ecd860476fcd6",
        "type": "github"
      },
      "original": {
        "id": "nixpkgs",
        "type": "indirect"
      }
    },
    "rime": {
      "inputs": {
        "ak-nix": [
          "at-node-nix",
          "ak-nix"
        ],
        "nixpkgs": [
          "at-node-nix",
          "nixpkgs"
        ]
      },
      "locked": {
        "lastModified": 1670349540,
        "narHash": "sha256-sEU5f/6mCVOSDdaWIJVTiig+Kft0mb/TnETyFn4B3Eo=",
        "owner": "aakropotkin",
        "repo": "rime",
        "rev": "e1eee1b750b34c4ff891967672aa59c1c97e843a",
        "type": "github"
      },
      "original": {
        "owner": "aakropotkin",
        "repo": "rime",
        "type": "github"
      }
    },
    "root": {
      "inputs": {
        "at-node-nix": "at-node-nix",
        "flocoPackages": "flocoPackages",
        "nixpkgs": [
          "at-node-nix",
          "nixpkgs"
        ]
      }
    }
  },
  "root": "root",
  "version": 7
}
