{
  "nodes": {
    "ak-nix": {
      "inputs": {
        "nixpkgs": [
          "flocoPackages",
          "at-node-nix",
          "nixpkgs"
        ]
      },
      "locked": {
        "lastModified": 1669739816,
        "narHash": "sha256-BaxVW2prLWoQgno68qXYTKd2oP7GR00g751knsnSaAk=",
        "owner": "aakropotkin",
        "repo": "ak-nix",
        "rev": "03362320211d83f676ef39b3269f024d0a141dfb",
        "type": "github"
      },
      "original": {
        "owner": "aakropotkin",
        "ref": "main",
        "repo": "ak-nix",
        "type": "github"
      }
    },
    "at-node-nix": {
      "inputs": {
        "ak-nix": "ak-nix",
        "laika": "laika",
        "nixpkgs": "nixpkgs",
        "rime": "rime"
      },
      "locked": {
        "lastModified": 1670038105,
        "narHash": "sha256-cBgpwDTL61gkLDmmhkINrHImslgmhSjVtsJ+iOnL+0E=",
        "owner": "aameen-tulip",
        "repo": "at-node-nix",
        "rev": "44475cb6cf7415cc93f1c694262b7d889456bbcf",
        "type": "github"
      },
      "original": {
        "owner": "aameen-tulip",
        "repo": "at-node-nix",
        "type": "github"
      }
    },
    "flocoPackages": {
      "inputs": {
        "at-node-nix": "at-node-nix",
        "nixpkgs": [
          "flocoPackages",
          "at-node-nix",
          "nixpkgs"
        ]
      },
      "locked": {
        "lastModified": 1670044921,
        "narHash": "sha256-QV5o3hgJ7jjq/XBrQDAZtVJo49EDJ2tEFYLJZIxuB5o=",
        "owner": "aakropotkin",
        "repo": "flocoPackages",
        "rev": "9d66408b177169088f105522de43b56bd49bb358",
        "type": "github"
      },
      "original": {
        "owner": "aakropotkin",
        "repo": "flocoPackages",
        "type": "github"
      }
    },
    "laika": {
      "inputs": {
        "nixpkgs": [
          "flocoPackages",
          "at-node-nix",
          "nixpkgs"
        ],
        "rime": [
          "flocoPackages",
          "at-node-nix",
          "rime"
        ]
      },
      "locked": {
        "lastModified": 1670037918,
        "narHash": "sha256-M/wZWnswHRhyEifEt39pHo5GbASyoS/3JYms9PTYd1c=",
        "owner": "aakropotkin",
        "repo": "laika",
        "rev": "2bf8a4575d45d89264c2d1bec5ad5aec154a7f96",
        "type": "github"
      },
      "original": {
        "owner": "aakropotkin",
        "ref": "main",
        "repo": "laika",
        "type": "github"
      }
    },
    "nixpkgs": {
      "locked": {
        "lastModified": 1666447894,
        "narHash": "sha256-i9WHX4w/et4qPMzEXd9POmnO0/bthjr7R4cblKNHGms=",
        "owner": "NixOS",
        "repo": "nixpkgs",
        "rev": "95aeaf83c247b8f5aa561684317ecd860476fcd6",
        "type": "github"
      },
      "original": {
        "id": "nixpkgs",
        "type": "indirect"
      }
    },
    "rime": {
      "inputs": {
        "ak-nix": [
          "flocoPackages",
          "at-node-nix",
          "ak-nix"
        ],
        "nixpkgs": [
          "flocoPackages",
          "at-node-nix",
          "nixpkgs"
        ]
      },
      "locked": {
        "lastModified": 1670037900,
        "narHash": "sha256-Pm54E20n5EWrYBlkX7ROhxSvMD0Fw5HhyimX49jvthE=",
        "owner": "aakropotkin",
        "repo": "rime",
        "rev": "ecc6264125ab02b4d3ba40c581fd44f083eb3a08",
        "type": "github"
      },
      "original": {
        "owner": "aakropotkin",
        "repo": "rime",
        "type": "github"
      }
    },
    "root": {
      "inputs": {
        "at-node-nix": [
          "flocoPackages",
          "at-node-nix"
        ],
        "flocoPackages": "flocoPackages",
        "nixpkgs": [
          "flocoPackages",
          "nixpkgs"
        ]
      }
    }
  },
  "root": "root",
  "version": 7
}
