{
  "name": "proj2",
  "version": "1.0.0",
  "lockfileVersion": 2,
  "requires": true,
  "packages": {
    "": {
      "name": "proj2",
      "version": "1.0.0",
      "dependencies": {
        "lodash": "github:lodash/lodash",
        "projd": "file:../projd",
        "typescript": "^4.8.2"
      }
    },
    "../projd": {
      "version": "1.0.0",
      "license": "ISC"
    },
    "node_modules/lodash": {
      "version": "5.0.0",
      "resolved": "git+ssh://git@github.com/lodash/lodash.git#2da024c3b4f9947a48517639de7560457cd4ec6c",
      "license": "MIT",
      "engines": {
        "node": ">=4.0.0"
      }
    },
    "node_modules/projd": {
      "resolved": "../projd",
      "link": true
    },
    "node_modules/typescript": {
      "version": "4.8.2",
      "resolved": "https://registry.npmjs.org/typescript/-/typescript-4.8.2.tgz",
      "integrity": "sha512-C0I1UsrrDHo2fYI5oaCGbSejwX4ch+9Y5jTQELvovfmFkK3HHSZJB8MSJcWLmCUBzQBchCrZ9rMRV6GuNrvGtw==",
      "bin": {
        "tsc": "bin/tsc",
        "tsserver": "bin/tsserver"
      },
      "engines": {
        "node": ">=4.2.0"
      }
    }
  },
  "dependencies": {
    "lodash": {
      "version": "git+ssh://git@github.com/lodash/lodash.git#2da024c3b4f9947a48517639de7560457cd4ec6c",
      "from": "lodash@github:lodash/lodash"
    },
    "projd": {
      "version": "file:../projd"
    },
    "typescript": {
      "version": "4.8.2",
      "resolved": "https://registry.npmjs.org/typescript/-/typescript-4.8.2.tgz",
      "integrity": "sha512-C0I1UsrrDHo2fYI5oaCGbSejwX4ch+9Y5jTQELvovfmFkK3HHSZJB8MSJcWLmCUBzQBchCrZ9rMRV6GuNrvGtw=="
    }
  }
}
